
Microsoft Visual Studio Solution File, Format Version 12.00
# Visual Studio Version 17
VisualStudioVersion = 17.4.33205.214
MinimumVisualStudioVersion = 10.0.40219.1
Project("{FAE04EC0-301F-11D3-BF4B-00C04F79EFBC}") = "Task15-6-6", "Task15-6-6\Task15-6-6.csproj", "{9093D542-CBB4-48B8-8959-3FA49758CC08}"
EndProject
Global
	GlobalSection(SolutionConfigurationPlatforms) = preSolution
		Debug|Any CPU = Debug|Any CPU
		Release|Any CPU = Release|Any CPU
	EndGlobalSection
	GlobalSection(ProjectConfigurationPlatforms) = postSolution
		{9093D542-CBB4-48B8-8959-3FA49758CC08}.Debug|Any CPU.ActiveCfg = Debug|Any CPU
		{9093D542-CBB4-48B8-8959-3FA49758CC08}.Debug|Any CPU.Build.0 = Debug|Any CPU
		{9093D542-CBB4-48B8-8959-3FA49758CC08}.Release|Any CPU.ActiveCfg = Release|Any CPU
		{9093D542-CBB4-48B8-8959-3FA49758CC08}.Release|Any CPU.Build.0 = Release|Any CPU
	EndGlobalSection
	GlobalSection(SolutionProperties) = preSolution
		HideSolutionNode = FALSE
	EndGlobalSection
	GlobalSection(ExtensibilityGlobals) = postSolution
		SolutionGuid = {CFD79B41-28AA-4C6A-ABEE-6CE98DA924CD}
	EndGlobalSection
EndGlobal
